{
  "name": "work-course",
  "lockfileVersion": 2,
  "requires": true,
  "packages": {
    "": {
      "dependencies": {
        "js-crc32": "^1.0.1",
        "lodash": "4.17.21"
      }
    },
    "node_modules/js-crc32": {
      "version": "1.0.1",
      "resolved": "https://registry.npmjs.org/js-crc32/-/js-crc32-1.0.1.tgz",
      "integrity": "sha512-1Lj65x3vOd0SnuNsCY8EtLf531mTSDJKGBbSJfYDcRkDDVoPAtulzzqaWiZGUo9JvLKovaVEKdnyE3UospUg/g==",
      "engines": {
        "node": ">=0.8"
      }
    },
    "node_modules/lodash": {
      "version": "4.17.21",
      "resolved": "https://registry.npmjs.org/lodash/-/lodash-4.17.21.tgz",
      "integrity": "sha512-v2kDEe57lecTulaDIuNTPy3Ry4gLGJ6Z1O3vE1krgXZNrsQ+LFTGHVxVjcXPs17LhbZVGedAJv8XZ1tvj5FvSg=="
    }
  },
  "dependencies": {
    "js-crc32": {
      "version": "1.0.1",
      "resolved": "https://registry.npmjs.org/js-crc32/-/js-crc32-1.0.1.tgz",
      "integrity": "sha512-1Lj65x3vOd0SnuNsCY8EtLf531mTSDJKGBbSJfYDcRkDDVoPAtulzzqaWiZGUo9JvLKovaVEKdnyE3UospUg/g=="
    },
    "lodash": {
      "version": "4.17.21",
      "resolved": "https://registry.npmjs.org/lodash/-/lodash-4.17.21.tgz",
      "integrity": "sha512-v2kDEe57lecTulaDIuNTPy3Ry4gLGJ6Z1O3vE1krgXZNrsQ+LFTGHVxVjcXPs17LhbZVGedAJv8XZ1tvj5FvSg=="
    }
  }
}
